{
  "name": "15",
  "version": "1.0.0",
  "lockfileVersion": 2,
  "requires": true,
  "packages": {
    "": {
      "name": "15",
      "version": "1.0.0",
      "license": "ISC",
      "dependencies": {
        "14abhi221": "^1.0.0"
      }
    },
    "node_modules/14abhi221": {
      "version": "1.0.0",
      "resolved": "https://registry.npmjs.org/14abhi221/-/14abhi221-1.0.0.tgz",
      "integrity": "sha512-WMjqe2dbeEKEdrBDiPGv4oi4VsbOBk5Wb02t2Kg9fD5XPZuQ3ZjqZjy61ZeY7hso++gBhyOdFGlfYpbtXmsjiw=="
    }
  },
  "dependencies": {
    "14abhi221": {
      "version": "1.0.0",
      "resolved": "https://registry.npmjs.org/14abhi221/-/14abhi221-1.0.0.tgz",
      "integrity": "sha512-WMjqe2dbeEKEdrBDiPGv4oi4VsbOBk5Wb02t2Kg9fD5XPZuQ3ZjqZjy61ZeY7hso++gBhyOdFGlfYpbtXmsjiw=="
    }
  }
}
